// !$*UTF8*$!
{
	archiveVersion = 1;
	classes = {
	};
	objectVersion = 46;
	objects = {

/* Begin PBXBuildFile section */
		82125D9A1C59FCEB00363C88 /* main.m in Sources */ = {isa = PBXBuildFile; fileRef = 82125D991C59FCEB00363C88 /* main.m */; };
		82125D9D1C59FCEB00363C88 /* AppDelegate.m in Sources */ = {isa = PBXBuildFile; fileRef = 82125D9C1C59FCEB00363C88 /* AppDelegate.m */; };
		82125DA01C59FCEB00363C88 /* ViewController.m in Sources */ = {isa = PBXBuildFile; fileRef = 82125D9F1C59FCEB00363C88 /* ViewController.m */; };
		82125DA31C59FCEB00363C88 /* Main.storyboard in Resources */ = {isa = PBXBuildFile; fileRef = 82125DA11C59FCEB00363C88 /* Main.storyboard */; };
		82125DA51C59FCEB00363C88 /* Assets.xcassets in Resources */ = {isa = PBXBuildFile; fileRef = 82125DA41C59FCEB00363C88 /* Assets.xcassets */; };
		82125DA81C59FCEB00363C88 /* LaunchScreen.storyboard in Resources */ = {isa = PBXBuildFile; fileRef = 82125DA61C59FCEB00363C88 /* LaunchScreen.storyboard */; };
/* End PBXBuildFile section */

/* Begin PBXFileReference section */
		82125D951C59FCEB00363C88 /* refresh-control-demo.app */ = {isa = PBXFileReference; explicitFileType = wrapper.application; includeInIndex = 0; path = "refresh-control-demo.app"; sourceTree = BUILT_PRODUCTS_DIR; };
		82125D991C59FCEB00363C88 /* main.m */ = {isa = PBXFileReference; lastKnownFileType = sourcecode.c.objc; path = main.m; sourceTree = "<group>"; };
		82125D9B1C59FCEB00363C88 /* AppDelegate.h */ = {isa = PBXFileReference; lastKnownFileType = sourcecode.c.h; path = AppDelegate.h; sourceTree = "<group>"; };
		82125D9C1C59FCEB00363C88 /* AppDelegate.m */ = {isa = PBXFileReference; lastKnownFileType = sourcecode.c.objc; path = AppDelegate.m; sourceTree = "<group>"; };
		82125D9E1C59FCEB00363C88 /* ViewController.h */ = {isa = PBXFileReference; lastKnownFileType = sourcecode.c.h; path = ViewController.h; sourceTree = "<group>"; };
		82125D9F1C59FCEB00363C88 /* ViewController.m */ = {isa = PBXFileReference; lastKnownFileType = sourcecode.c.objc; path = ViewController.m; sourceTree = "<group>"; };
		82125DA21C59FCEB00363C88 /* Base */ = {isa = PBXFileReference; lastKnownFileType = file.storyboard; name = Base; path = Base.lproj/Main.storyboard; sourceTree = "<group>"; };
		82125DA41C59FCEB00363C88 /* Assets.xcassets */ = {isa = PBXFileReference; lastKnownFileType = folder.assetcatalog; path = Assets.xcassets; sourceTree = "<group>"; };
		82125DA71C59FCEB00363C88 /* Base */ = {isa = PBXFileReference; lastKnownFileType = file.storyboard; name = Base; path = Base.lproj/LaunchScreen.storyboard; sourceTree = "<group>"; };
		82125DA91C59FCEB00363C88 /* Info.plist */ = {isa = PBXFileReference; lastKnownFileType = text.plist.xml; path = Info.plist; sourceTree = "<group>"; };
/* End PBXFileReference section */

/* Begin PBXFrameworksBuildPhase section */
		82125D921C59FCEB00363C88 /* Frameworks */ = {
			isa = PBXFrameworksBuildPhase;
			buildActionMask = 2147483647;
			files = (
			);
			runOnlyForDeploymentPostprocessing = 0;
		};
/* End PBXFrameworksBuildPhase section */

/* Begin PBXGroup section */
		82125D8C1C59FCEB00363C88 = {
			isa = PBXGroup;
			children = (
				82125D971C59FCEB00363C88 /* refresh-control-demo */,
				82125D961C59FCEB00363C88 /* Products */,
			);
			sourceTree = "<group>";
		};
		82125D961C59FCEB00363C88 /* Products */ = {
			isa = PBXGroup;
			children = (
				82125D951C59FCEB00363C88 /* refresh-control-demo.app */,
			);
			name = Products;
			sourceTree = "<group>";
		};
		82125D971C59FCEB00363C88 /* refresh-control-demo */ = {
			isa = PBXGroup;
			children = (
				82125D9B1C59FCEB00363C88 /* AppDelegate.h */,
				82125D9C1C59FCEB00363C88 /* AppDelegate.m */,
				82125D9E1C59FCEB00363C88 /* ViewController.h */,
				82125D9F1C59FCEB00363C88 /* ViewController.m */,
				82125DA11C59FCEB00363C88 /* Main.storyboard */,
				82125DA41C59FCEB00363C88 /* Assets.xcassets */,
				82125DA61C59FCEB00363C88 /* LaunchScreen.storyboard */,
				82125DA91C59FCEB00363C88 /* Info.plist */,
				82125D981C59FCEB00363C88 /* Supporting Files */,
			);
			path = "refresh-control-demo";
			sourceTree = "<group>";
		};
		82125D981C59FCEB00363C88 /* Supporting Files */ = {
			isa = PBXGroup;
			children = (
				82125D991C59FCEB00363C88 /* main.m */,
			);
			name = "Supporting Files";
			sourceTree = "<group>";
		};
/* End PBXGroup section */

/* Begin PBXNativeTarget section */
		82125D941C59FCEB00363C88 /* refresh-control-demo */ = {
			isa = PBXNativeTarget;
			buildConfigurationList = 82125DAC1C59FCEB00363C88 /* Build configuration list for PBXNativeTarget "refresh-control-demo" */;
			buildPhases = (
				82125D911C59FCEB00363C88 /* Sources */,
				82125D921C59FCEB00363C88 /* Frameworks */,
				82125D931C59FCEB00363C88 /* Resources */,
			);
			buildRules = (
			);
			dependencies = (
			);
			name = "refresh-control-demo";
			productName = "refresh-control-demo";
			productReference = 82125D951C59FCEB00363C88 /* refresh-control-demo.app */;
			productType = "com.apple.product-type.application";
		};
/* End PBXNativeTarget section */

/* Begin PBXProject section */
		82125D8D1C59FCEB00363C88 /* Project object */ = {
			isa = PBXProject;
			attributes = {
				LastUpgradeCheck = 0720;
				ORGANIZATIONNAME = Cavin;
				TargetAttributes = {
					82125D941C59FCEB00363C88 = {
						CreatedOnToolsVersion = 7.2;
					};
				};
			};
			buildConfigurationList = 82125D901C59FCEB00363C88 /* Build configuration list for PBXProject "refresh-control-demo" */;
			compatibilityVersion = "Xcode 3.2";
			developmentRegion = English;
			hasScannedForEncodings = 0;
			knownRegions = (
				en,
				Base,
			);
			mainGroup = 82125D8C1C59FCEB00363C88;
			productRefGroup = 82125D961C59FCEB00363C88 /* Products */;
			projectDirPath = "";
			projectRoot = "";
			targets = (
				82125D941C59FCEB00363C88 /* refresh-control-demo */,
			);
		};
/* End PBXProject section */

/* Begin PBXResourcesBuildPhase section */
		82125D931C59FCEB00363C88 /* Resources */ = {
			isa = PBXResourcesBuildPhase;
			buildActionMask = 2147483647;
			files = (
				82125DA81C59FCEB00363C88 /* LaunchScreen.storyboard in Resources */,
				82125DA51C59FCEB00363C88 /* Assets.xcassets in Resources */,
				82125DA31C59FCEB00363C88 /* Main.storyboard in Resources */,
			);
			runOnlyForDeploymentPostprocessing = 0;
		};
/* End PBXResourcesBuildPhase section */

/* Begin PBXSourcesBuildPhase section */
		82125D911C59FCEB00363C88 /* Sources */ = {
			isa = PBXSourcesBuildPhase;
			buildActionMask = 2147483647;
			files = (
				82125DA01C59FCEB00363C88 /* ViewController.m in Sources */,
				82125D9D1C59FCEB00363C88 /* AppDelegate.m in Sources */,
				82125D9A1C59FCEB00363C88 /* main.m in Sources */,
			);
			runOnlyForDeploymentPostprocessing = 0;
		};
/* End PBXSourcesBuildPhase section */

/* Begin PBXVariantGroup section */
		82125DA11C59FCEB00363C88 /* Main.storyboard */ = {
			isa = PBXVariantGroup;
			children = (
				82125DA21C59FCEB00363C88 /* Base */,
			);
			name = Main.storyboard;
			sourceTree = "<group>";
		};
		82125DA61C59FCEB00363C88 /* LaunchScreen.storyboard */ = {
			isa = PBXVariantGroup;
			children = (
				82125DA71C59FCEB00363C88 /* Base */,
			);
			name = LaunchScreen.storyboard;
			sourceTree = "<group>";
		};
/* End PBXVariantGroup section */

/* Begin XCBuildConfiguration section */
		82125DAA1C59FCEB00363C88 /* Debug */ = {
			isa = XCBuildConfiguration;
			buildSettings = {
				ALWAYS_SEARCH_USER_PATHS = NO;
				CLANG_CXX_LANGUAGE_STANDARD = "gnu++0x";
				CLANG_CXX_LIBRARY = "libc++";
				CLANG_ENABLE_MODULES = YES;
				CLANG_ENABLE_OBJC_ARC = YES;
				CLANG_WARN_BOOL_CONVERSION = YES;
				CLANG_WARN_CONSTANT_CONVERSION = YES;
				CLANG_WARN_DIRECT_OBJC_ISA_USAGE = YES_ERROR;
				CLANG_WARN_EMPTY_BODY = YES;
				CLANG_WARN_ENUM_CONVERSION = YES;
				CLANG_WARN_INT_CONVERSION = YES;
				CLANG_WARN_OBJC_ROOT_CLASS = YES_ERROR;
				CLANG_WARN_UNREACHABLE_CODE = YES;
				CLANG_WARN__DUPLICATE_METHOD_MATCH = YES;
				"CODE_SIGN_IDENTITY[sdk=iphoneos*]" = "iPhone Developer";
				COPY_PHASE_STRIP = NO;
				DEBUG_INFORMATION_FORMAT = dwarf;
				ENABLE_STRICT_OBJC_MSGSEND = YES;
				ENABLE_TESTABILITY = YES;
				GCC_C_LANGUAGE_STANDARD = gnu99;
				GCC_DYNAMIC_NO_PIC = NO;
				GCC_NO_COMMON_BLOCKS = YES;
				GCC_OPTIMIZATION_LEVEL = 0;
				GCC_PREPROCESSOR_DEFINITIONS = (
					"DEBUG=1",
					"$(inherited)",
				);
				GCC_WARN_64_TO_32_BIT_CONVERSION = YES;
				GCC_WARN_ABOUT_RETURN_TYPE = YES_ERROR;
				GCC_WARN_UNDECLARED_SELECTOR = YES;
				GCC_WARN_UNINITIALIZED_AUTOS = YES_AGGRESSIVE;
				GCC_WARN_UNUSED_FUNCTION = YES;
				GCC_WARN_UNUSED_VARIABLE = YES;
				IPHONEOS_DEPLOYMENT_TARGET = 9.2;
				MTL_ENABLE_DEBUG_INFO = YES;
				ONLY_ACTIVE_ARCH = YES;
				SDKROOT = iphoneos;
			};
			name = Debug;
		};
		82125DAB1C59FCEB00363C88 /* Release */ = {
			isa = XCBuildConfiguration;
			buildSettings = {
				ALWAYS_SEARCH_USER_PATHS = NO;
				CLANG_CXX_LANGUAGE_STANDARD = "gnu++0x";
				CLANG_CXX_LIBRARY = "libc++";
				CLANG_ENABLE_MODULES = YES;
				CLANG_ENABLE_OBJC_ARC = YES;
				CLANG_WARN_BOOL_CONVERSION = YES;
				CLANG_WARN_CONSTANT_CONVERSION = YES;
				CLANG_WARN_DIRECT_OBJC_ISA_USAGE = YES_ERROR;
				CLANG_WARN_EMPTY_BODY = YES;
				CLANG_WARN_ENUM_CONVERSION = YES;
				CLANG_WARN_INT_CONVERSION = YES;
				CLANG_WARN_OBJC_ROOT_CLASS = YES_ERROR;
				CLANG_WARN_UNREACHABLE_CODE = YES;
				CLANG_WARN__DUPLICATE_METHOD_MATCH = YES;
				"CODE_SIGN_IDENTITY[sdk=iphoneos*]" = "iPhone Developer";
				COPY_PHASE_STRIP = NO;
				DEBUG_INFORMATION_FORMAT = "dwarf-with-dsym";
				ENABLE_NS_ASSERTIONS = NO;
				ENABLE_STRICT_OBJC_MSGSEND = YES;
				GCC_C_LANGUAGE_STANDARD = gnu99;
				GCC_NO_COMMON_BLOCKS = YES;
				GCC_WARN_64_TO_32_BIT_CONVERSION = YES;
				GCC_WARN_ABOUT_RETURN_TYPE = YES_ERROR;
				GCC_WARN_UNDECLARED_SELECTOR = YES;
				GCC_WARN_UNINITIALIZED_AUTOS = YES_AGGRESSIVE;
				GCC_WARN_UNUSED_FUNCTION = YES;
				GCC_WARN_UNUSED_VARIABLE = YES;
				IPHONEOS_DEPLOYMENT_TARGET = 9.2;
				MTL_ENABLE_DEBUG_INFO = NO;
				SDKROOT = iphoneos;
				VALIDATE_PRODUCT = YES;
			};
			name = Release;
		};
		82125DAD1C59FCEB00363C88 /* Debug */ = {
			isa = XCBuildConfiguration;
			buildSettings = {
				ASSETCATALOG_COMPILER_APPICON_NAME = AppIcon;
				INFOPLIST_FILE = "refresh-control-demo/Info.plist";
				LD_RUNPATH_SEARCH_PATHS = "$(inherited) @executable_path/Frameworks";
				PRODUCT_BUNDLE_IDENTIFIER = "cavin.demo.refresh-control-demo";
				PRODUCT_NAME = "$(TARGET_NAME)";
			};
			name = Debug;
		};
		82125DAE1C59FCEB00363C88 /* Release */ = {
			isa = XCBuildConfiguration;
			buildSettings = {
				ASSETCATALOG_COMPILER_APPICON_NAME = AppIcon;
				INFOPLIST_FILE = "refresh-control-demo/Info.plist";
				LD_RUNPATH_SEARCH_PATHS = "$(inherited) @executable_path/Frameworks";
				PRODUCT_BUNDLE_IDENTIFIER = "cavin.demo.refresh-control-demo";
				PRODUCT_NAME = "$(TARGET_NAME)";
			};
			name = Release;
		};
/* End XCBuildConfiguration section */

/* Begin XCConfigurationList section */
		82125D901C59FCEB00363C88 /* Build configuration list for PBXProject "refresh-control-demo" */ = {
			isa = XCConfigurationList;
			buildConfigurations = (
				82125DAA1C59FCEB00363C88 /* Debug */,
				82125DAB1C59FCEB00363C88 /* Release */,
			);
			defaultConfigurationIsVisible = 0;
			defaultConfigurationName = Release;
		};
		82125DAC1C59FCEB00363C88 /* Build configuration list for PBXNativeTarget "refresh-control-demo" */ = {
			isa = XCConfigurationList;
			buildConfigurations = (
				82125DAD1C59FCEB00363C88 /* Debug */,
				82125DAE1C59FCEB00363C88 /* Release */,
			);
			defaultConfigurationIsVisible = 0;
		};
/* End XCConfigurationList section */
	};
	rootObject = 82125D8D1C59FCEB00363C88 /* Project object */;
}
